
Microsoft Visual Studio Solution File, Format Version 12.00
Project("{FAE04EC0-301F-11D3-BF4B-00C04F79EFBC}") = "Leeroy", "Leeroy\Leeroy.csproj", "{848CC9AE-40C5-469E-BC16-06373AD52D89}"
EndProject
Project("{FAE04EC0-301F-11D3-BF4B-00C04F79EFBC}") = "Leeroy.Corelib", "Leeroy.Corelib\Leeroy.Corelib.csproj", "{7F2B8B7E-A1E2-4F7E-B68A-E352A8B11EB4}"
EndProject
Project("{FAE04EC0-301F-11D3-BF4B-00C04F79EFBC}") = "Leeroy.Tests", "Leeroy.Tests\Leeroy.Tests.csproj", "{4F65F8E8-82A5-4C99-9938-A6CB91C9DF4F}"
EndProject
Global
	GlobalSection(SolutionConfigurationPlatforms) = preSolution
		Debug|Any CPU = Debug|Any CPU
		Release|Any CPU = Release|Any CPU
	EndGlobalSection
	GlobalSection(ProjectConfigurationPlatforms) = postSolution
		{848CC9AE-40C5-469E-BC16-06373AD52D89}.Debug|Any CPU.ActiveCfg = Debug|Any CPU
		{848CC9AE-40C5-469E-BC16-06373AD52D89}.Debug|Any CPU.Build.0 = Debug|Any CPU
		{848CC9AE-40C5-469E-BC16-06373AD52D89}.Release|Any CPU.ActiveCfg = Release|Any CPU
		{848CC9AE-40C5-469E-BC16-06373AD52D89}.Release|Any CPU.Build.0 = Release|Any CPU
		{7F2B8B7E-A1E2-4F7E-B68A-E352A8B11EB4}.Debug|Any CPU.ActiveCfg = Debug|Any CPU
		{7F2B8B7E-A1E2-4F7E-B68A-E352A8B11EB4}.Debug|Any CPU.Build.0 = Debug|Any CPU
		{7F2B8B7E-A1E2-4F7E-B68A-E352A8B11EB4}.Release|Any CPU.ActiveCfg = Release|Any CPU
		{7F2B8B7E-A1E2-4F7E-B68A-E352A8B11EB4}.Release|Any CPU.Build.0 = Release|Any CPU
		{4F65F8E8-82A5-4C99-9938-A6CB91C9DF4F}.Debug|Any CPU.ActiveCfg = Debug|Any CPU
		{4F65F8E8-82A5-4C99-9938-A6CB91C9DF4F}.Debug|Any CPU.Build.0 = Debug|Any CPU
		{4F65F8E8-82A5-4C99-9938-A6CB91C9DF4F}.Release|Any CPU.ActiveCfg = Release|Any CPU
		{4F65F8E8-82A5-4C99-9938-A6CB91C9DF4F}.Release|Any CPU.Build.0 = Release|Any CPU
	EndGlobalSection
	GlobalSection(NestedProjects) = preSolution
	EndGlobalSection
EndGlobal
